
Microsoft Visual Studio Solution File, Format Version 12.00
# Visual Studio Version 16
VisualStudioVersion = 16.0.31729.503
MinimumVisualStudioVersion = 10.0.40219.1
Project("{FAE04EC0-301F-11D3-BF4B-00C04F79EFBC}") = "OAuth2Sample", "OAuth2Sample\OAuth2Sample.csproj", "{431E9CE0-B11B-4749-A478-35BD4E665A08}"
EndProject
Global
	GlobalSection(SolutionConfigurationPlatforms) = preSolution
		Debug|Any CPU = Debug|Any CPU
		Release|Any CPU = Release|Any CPU
	EndGlobalSection
	GlobalSection(ProjectConfigurationPlatforms) = postSolution
		{431E9CE0-B11B-4749-A478-35BD4E665A08}.Debug|Any CPU.ActiveCfg = Debug|Any CPU
		{431E9CE0-B11B-4749-A478-35BD4E665A08}.Debug|Any CPU.Build.0 = Debug|Any CPU
		{431E9CE0-B11B-4749-A478-35BD4E665A08}.Release|Any CPU.ActiveCfg = Release|Any CPU
		{431E9CE0-B11B-4749-A478-35BD4E665A08}.Release|Any CPU.Build.0 = Release|Any CPU
	EndGlobalSection
	GlobalSection(SolutionProperties) = preSolution
		HideSolutionNode = FALSE
	EndGlobalSection
	GlobalSection(ExtensibilityGlobals) = postSolution
		SolutionGuid = {8257F47B-6058-41FC-A8F4-BF347AB6C214}
	EndGlobalSection
EndGlobal
